
Microsoft Visual Studio Solution File, Format Version 12.00
# Visual Studio Version 17
VisualStudioVersion = 17.0.32014.148
MinimumVisualStudioVersion = 10.0.40219.1
Project("{FAE04EC0-301F-11D3-BF4B-00C04F79EFBC}") = "LogReader-WPF", "LogReader-WPF\LogReader-WPF.csproj", "{534DCE2B-E166-4F45-BFFC-7A09AAD0341C}"
EndProject
Global
	GlobalSection(SolutionConfigurationPlatforms) = preSolution
		Debug|Any CPU = Debug|Any CPU
		Release|Any CPU = Release|Any CPU
	EndGlobalSection
	GlobalSection(ProjectConfigurationPlatforms) = postSolution
		{534DCE2B-E166-4F45-BFFC-7A09AAD0341C}.Debug|Any CPU.ActiveCfg = Debug|Any CPU
		{534DCE2B-E166-4F45-BFFC-7A09AAD0341C}.Debug|Any CPU.Build.0 = Debug|Any CPU
		{534DCE2B-E166-4F45-BFFC-7A09AAD0341C}.Release|Any CPU.ActiveCfg = Release|Any CPU
		{534DCE2B-E166-4F45-BFFC-7A09AAD0341C}.Release|Any CPU.Build.0 = Release|Any CPU
	EndGlobalSection
	GlobalSection(SolutionProperties) = preSolution
		HideSolutionNode = FALSE
	EndGlobalSection
	GlobalSection(ExtensibilityGlobals) = postSolution
		SolutionGuid = {7218A99A-ABA1-45FB-BEE9-926D1B11B090}
	EndGlobalSection
EndGlobal
